// !$*UTF8*$!
{
	archiveVersion = 1;
	classes = {
	};
	objectVersion = 46;
	objects = {

/* Begin PBXBuildFile section */
		AC3CBB301CA66BD00020E952 /* Default-568h@2x.png in Resources */ = {isa = PBXBuildFile; fileRef = AC3CBB2F1CA66BD00020E952 /* Default-568h@2x.png */; };
		ACCE4FA91C6ECB6800719087 /* main.m in Sources */ = {isa = PBXBuildFile; fileRef = ACCE4FA81C6ECB6800719087 /* main.m */; };
		ACCE4FAC1C6ECB6800719087 /* AppDelegate.m in Sources */ = {isa = PBXBuildFile; fileRef = ACCE4FAB1C6ECB6800719087 /* AppDelegate.m */; };
		ACCE4FAF1C6ECB6800719087 /* ViewController.m in Sources */ = {isa = PBXBuildFile; fileRef = ACCE4FAE1C6ECB6800719087 /* ViewController.m */; };
		ACCE4FB21C6ECB6800719087 /* Main.storyboard in Resources */ = {isa = PBXBuildFile; fileRef = ACCE4FB01C6ECB6800719087 /* Main.storyboard */; };
		ACCE4FB41C6ECB6800719087 /* Assets.xcassets in Resources */ = {isa = PBXBuildFile; fileRef = ACCE4FB31C6ECB6800719087 /* Assets.xcassets */; };
		ACCE4FB71C6ECB6800719087 /* LaunchScreen.storyboard in Resources */ = {isa = PBXBuildFile; fileRef = ACCE4FB51C6ECB6800719087 /* LaunchScreen.storyboard */; };
		ACCE4FC21C6ECB6800719087 /* goodMorningCurtainAppTests.m in Sources */ = {isa = PBXBuildFile; fileRef = ACCE4FC11C6ECB6800719087 /* goodMorningCurtainAppTests.m */; };
		ACCE4FCD1C6ECB6800719087 /* goodMorningCurtainAppUITests.m in Sources */ = {isa = PBXBuildFile; fileRef = ACCE4FCC1C6ECB6800719087 /* goodMorningCurtainAppUITests.m */; };
		ACCE4FDC1C6ECD7800719087 /* BluetoothConnection.m in Sources */ = {isa = PBXBuildFile; fileRef = ACCE4FDB1C6ECD7800719087 /* BluetoothConnection.m */; };
		ACCE4FDE1C6ECDFE00719087 /* CoreBluetooth.framework in Frameworks */ = {isa = PBXBuildFile; fileRef = ACCE4FDD1C6ECDFE00719087 /* CoreBluetooth.framework */; };
		ACCE4FE11C6F198500719087 /* WetherAPI.m in Sources */ = {isa = PBXBuildFile; fileRef = ACCE4FE01C6F198400719087 /* WetherAPI.m */; };
/* End PBXBuildFile section */

/* Begin PBXContainerItemProxy section */
		ACCE4FBE1C6ECB6800719087 /* PBXContainerItemProxy */ = {
			isa = PBXContainerItemProxy;
			containerPortal = ACCE4F9C1C6ECB6700719087 /* Project object */;
			proxyType = 1;
			remoteGlobalIDString = ACCE4FA31C6ECB6800719087;
			remoteInfo = curtainWhetherApp;
		};
		ACCE4FC91C6ECB6800719087 /* PBXContainerItemProxy */ = {
			isa = PBXContainerItemProxy;
			containerPortal = ACCE4F9C1C6ECB6700719087 /* Project object */;
			proxyType = 1;
			remoteGlobalIDString = ACCE4FA31C6ECB6800719087;
			remoteInfo = curtainWhetherApp;
		};
/* End PBXContainerItemProxy section */

/* Begin PBXFileReference section */
		AC3CBB2F1CA66BD00020E952 /* Default-568h@2x.png */ = {isa = PBXFileReference; lastKnownFileType = image.png; path = "Default-568h@2x.png"; sourceTree = "<group>"; };
		ACCE4FA41C6ECB6800719087 /* goodMorningCurtainApp.app */ = {isa = PBXFileReference; explicitFileType = wrapper.application; includeInIndex = 0; path = goodMorningCurtainApp.app; sourceTree = BUILT_PRODUCTS_DIR; };
		ACCE4FA81C6ECB6800719087 /* main.m */ = {isa = PBXFileReference; lastKnownFileType = sourcecode.c.objc; path = main.m; sourceTree = "<group>"; };
		ACCE4FAA1C6ECB6800719087 /* AppDelegate.h */ = {isa = PBXFileReference; lastKnownFileType = sourcecode.c.h; path = AppDelegate.h; sourceTree = "<group>"; };
		ACCE4FAB1C6ECB6800719087 /* AppDelegate.m */ = {isa = PBXFileReference; lastKnownFileType = sourcecode.c.objc; path = AppDelegate.m; sourceTree = "<group>"; };
		ACCE4FAD1C6ECB6800719087 /* ViewController.h */ = {isa = PBXFileReference; lastKnownFileType = sourcecode.c.h; path = ViewController.h; sourceTree = "<group>"; };
		ACCE4FAE1C6ECB6800719087 /* ViewController.m */ = {isa = PBXFileReference; lastKnownFileType = sourcecode.c.objc; path = ViewController.m; sourceTree = "<group>"; };
		ACCE4FB11C6ECB6800719087 /* Base */ = {isa = PBXFileReference; lastKnownFileType = file.storyboard; name = Base; path = Base.lproj/Main.storyboard; sourceTree = "<group>"; };
		ACCE4FB31C6ECB6800719087 /* Assets.xcassets */ = {isa = PBXFileReference; lastKnownFileType = folder.assetcatalog; path = Assets.xcassets; sourceTree = "<group>"; };
		ACCE4FB61C6ECB6800719087 /* Base */ = {isa = PBXFileReference; lastKnownFileType = file.storyboard; name = Base; path = Base.lproj/LaunchScreen.storyboard; sourceTree = "<group>"; };
		ACCE4FB81C6ECB6800719087 /* Info.plist */ = {isa = PBXFileReference; lastKnownFileType = text.plist.xml; path = Info.plist; sourceTree = "<group>"; };
		ACCE4FBD1C6ECB6800719087 /* goodMorningCurtainApp.xctest */ = {isa = PBXFileReference; explicitFileType = wrapper.cfbundle; includeInIndex = 0; path = goodMorningCurtainApp.xctest; sourceTree = BUILT_PRODUCTS_DIR; };
		ACCE4FC11C6ECB6800719087 /* goodMorningCurtainAppTests.m */ = {isa = PBXFileReference; lastKnownFileType = sourcecode.c.objc; path = goodMorningCurtainAppTests.m; sourceTree = "<group>"; };
		ACCE4FC31C6ECB6800719087 /* Info.plist */ = {isa = PBXFileReference; lastKnownFileType = text.plist.xml; path = Info.plist; sourceTree = "<group>"; };
		ACCE4FC81C6ECB6800719087 /* goodMorningCurtainApp.xctest */ = {isa = PBXFileReference; explicitFileType = wrapper.cfbundle; includeInIndex = 0; path = goodMorningCurtainApp.xctest; sourceTree = BUILT_PRODUCTS_DIR; };
		ACCE4FCC1C6ECB6800719087 /* goodMorningCurtainAppUITests.m */ = {isa = PBXFileReference; lastKnownFileType = sourcecode.c.objc; path = goodMorningCurtainAppUITests.m; sourceTree = "<group>"; };
		ACCE4FCE1C6ECB6800719087 /* Info.plist */ = {isa = PBXFileReference; lastKnownFileType = text.plist.xml; path = Info.plist; sourceTree = "<group>"; };
		ACCE4FDA1C6ECD7800719087 /* BluetoothConnection.h */ = {isa = PBXFileReference; fileEncoding = 4; lastKnownFileType = sourcecode.c.h; path = BluetoothConnection.h; sourceTree = "<group>"; };
		ACCE4FDB1C6ECD7800719087 /* BluetoothConnection.m */ = {isa = PBXFileReference; fileEncoding = 4; lastKnownFileType = sourcecode.c.objc; path = BluetoothConnection.m; sourceTree = "<group>"; };
		ACCE4FDD1C6ECDFE00719087 /* CoreBluetooth.framework */ = {isa = PBXFileReference; lastKnownFileType = wrapper.framework; name = CoreBluetooth.framework; path = System/Library/Frameworks/CoreBluetooth.framework; sourceTree = SDKROOT; };
		ACCE4FDF1C6F198400719087 /* WetherAPI.h */ = {isa = PBXFileReference; fileEncoding = 4; lastKnownFileType = sourcecode.c.h; path = WetherAPI.h; sourceTree = "<group>"; };
		ACCE4FE01C6F198400719087 /* WetherAPI.m */ = {isa = PBXFileReference; fileEncoding = 4; lastKnownFileType = sourcecode.c.objc; path = WetherAPI.m; sourceTree = "<group>"; };
/* End PBXFileReference section */

/* Begin PBXFrameworksBuildPhase section */
		ACCE4FA11C6ECB6800719087 /* Frameworks */ = {
			isa = PBXFrameworksBuildPhase;
			buildActionMask = 2147483647;
			files = (
				ACCE4FDE1C6ECDFE00719087 /* CoreBluetooth.framework in Frameworks */,
			);
			runOnlyForDeploymentPostprocessing = 0;
		};
		ACCE4FBA1C6ECB6800719087 /* Frameworks */ = {
			isa = PBXFrameworksBuildPhase;
			buildActionMask = 2147483647;
			files = (
			);
			runOnlyForDeploymentPostprocessing = 0;
		};
		ACCE4FC51C6ECB6800719087 /* Frameworks */ = {
			isa = PBXFrameworksBuildPhase;
			buildActionMask = 2147483647;
			files = (
			);
			runOnlyForDeploymentPostprocessing = 0;
		};
/* End PBXFrameworksBuildPhase section */

/* Begin PBXGroup section */
		ACCE4F9B1C6ECB6700719087 = {
			isa = PBXGroup;
			children = (
				AC3CBB2F1CA66BD00020E952 /* Default-568h@2x.png */,
				ACCE4FDD1C6ECDFE00719087 /* CoreBluetooth.framework */,
				ACCE4FA61C6ECB6800719087 /* goodMorningCurtainApp */,
				ACCE4FC01C6ECB6800719087 /* goodMorningCurtainAppTests */,
				ACCE4FCB1C6ECB6800719087 /* goodMorningCurtainAppUITests */,
				ACCE4FA51C6ECB6800719087 /* Products */,
			);
			sourceTree = "<group>";
		};
		ACCE4FA51C6ECB6800719087 /* Products */ = {
			isa = PBXGroup;
			children = (
				ACCE4FA41C6ECB6800719087 /* goodMorningCurtainApp.app */,
				ACCE4FBD1C6ECB6800719087 /* goodMorningCurtainApp.xctest */,
				ACCE4FC81C6ECB6800719087 /* goodMorningCurtainApp.xctest */,
			);
			name = Products;
			sourceTree = "<group>";
		};
		ACCE4FA61C6ECB6800719087 /* goodMorningCurtainApp */ = {
			isa = PBXGroup;
			children = (
				ACCE4FAA1C6ECB6800719087 /* AppDelegate.h */,
				ACCE4FAB1C6ECB6800719087 /* AppDelegate.m */,
				ACCE4FAD1C6ECB6800719087 /* ViewController.h */,
				ACCE4FAE1C6ECB6800719087 /* ViewController.m */,
				ACCE4FDA1C6ECD7800719087 /* BluetoothConnection.h */,
				ACCE4FDB1C6ECD7800719087 /* BluetoothConnection.m */,
				ACCE4FDF1C6F198400719087 /* WetherAPI.h */,
				ACCE4FE01C6F198400719087 /* WetherAPI.m */,
				ACCE4FB01C6ECB6800719087 /* Main.storyboard */,
				ACCE4FB31C6ECB6800719087 /* Assets.xcassets */,
				ACCE4FB51C6ECB6800719087 /* LaunchScreen.storyboard */,
				ACCE4FB81C6ECB6800719087 /* Info.plist */,
				ACCE4FA71C6ECB6800719087 /* Supporting Files */,
			);
			path = goodMorningCurtainApp;
			sourceTree = "<group>";
		};
		ACCE4FA71C6ECB6800719087 /* Supporting Files */ = {
			isa = PBXGroup;
			children = (
				ACCE4FA81C6ECB6800719087 /* main.m */,
			);
			name = "Supporting Files";
			sourceTree = "<group>";
		};
		ACCE4FC01C6ECB6800719087 /* goodMorningCurtainAppTests */ = {
			isa = PBXGroup;
			children = (
				ACCE4FC11C6ECB6800719087 /* goodMorningCurtainAppTests.m */,
				ACCE4FC31C6ECB6800719087 /* Info.plist */,
			);
			path = goodMorningCurtainAppTests;
			sourceTree = "<group>";
		};
		ACCE4FCB1C6ECB6800719087 /* goodMorningCurtainAppUITests */ = {
			isa = PBXGroup;
			children = (
				ACCE4FCC1C6ECB6800719087 /* goodMorningCurtainAppUITests.m */,
				ACCE4FCE1C6ECB6800719087 /* Info.plist */,
			);
			path = goodMorningCurtainAppUITests;
			sourceTree = "<group>";
		};
/* End PBXGroup section */

/* Begin PBXNativeTarget section */
		ACCE4FA31C6ECB6800719087 /* goodMorningCurtainApp */ = {
			isa = PBXNativeTarget;
			buildConfigurationList = ACCE4FD11C6ECB6800719087 /* Build configuration list for PBXNativeTarget "goodMorningCurtainApp" */;
			buildPhases = (
				ACCE4FA01C6ECB6800719087 /* Sources */,
				ACCE4FA11C6ECB6800719087 /* Frameworks */,
				ACCE4FA21C6ECB6800719087 /* Resources */,
			);
			buildRules = (
			);
			dependencies = (
			);
			name = goodMorningCurtainApp;
			productName = curtainWhetherApp;
			productReference = ACCE4FA41C6ECB6800719087 /* goodMorningCurtainApp.app */;
			productType = "com.apple.product-type.application";
		};
		ACCE4FBC1C6ECB6800719087 /* goodMorningCurtainAppTests */ = {
			isa = PBXNativeTarget;
			buildConfigurationList = ACCE4FD41C6ECB6800719087 /* Build configuration list for PBXNativeTarget "goodMorningCurtainAppTests" */;
			buildPhases = (
				ACCE4FB91C6ECB6800719087 /* Sources */,
				ACCE4FBA1C6ECB6800719087 /* Frameworks */,
				ACCE4FBB1C6ECB6800719087 /* Resources */,
			);
			buildRules = (
			);
			dependencies = (
				ACCE4FBF1C6ECB6800719087 /* PBXTargetDependency */,
			);
			name = goodMorningCurtainAppTests;
			productName = curtainWhetherAppTests;
			productReference = ACCE4FBD1C6ECB6800719087 /* goodMorningCurtainApp.xctest */;
			productType = "com.apple.product-type.bundle.unit-test";
		};
		ACCE4FC71C6ECB6800719087 /* goodMorningCurtainAppUITests */ = {
			isa = PBXNativeTarget;
			buildConfigurationList = ACCE4FD71C6ECB6800719087 /* Build configuration list for PBXNativeTarget "goodMorningCurtainAppUITests" */;
			buildPhases = (
				ACCE4FC41C6ECB6800719087 /* Sources */,
				ACCE4FC51C6ECB6800719087 /* Frameworks */,
				ACCE4FC61C6ECB6800719087 /* Resources */,
			);
			buildRules = (
			);
			dependencies = (
				ACCE4FCA1C6ECB6800719087 /* PBXTargetDependency */,
			);
			name = goodMorningCurtainAppUITests;
			productName = curtainWhetherAppUITests;
			productReference = ACCE4FC81C6ECB6800719087 /* goodMorningCurtainApp.xctest */;
			productType = "com.apple.product-type.bundle.ui-testing";
		};
/* End PBXNativeTarget section */

/* Begin PBXProject section */
		ACCE4F9C1C6ECB6700719087 /* Project object */ = {
			isa = PBXProject;
			attributes = {
				LastUpgradeCheck = 0720;
				ORGANIZATIONNAME = YoichiroWatanabe;
				TargetAttributes = {
					ACCE4FA31C6ECB6800719087 = {
						CreatedOnToolsVersion = 7.2.1;
						SystemCapabilities = {
							com.apple.BackgroundModes = {
								enabled = 1;
							};
						};
					};
					ACCE4FBC1C6ECB6800719087 = {
						CreatedOnToolsVersion = 7.2.1;
						TestTargetID = ACCE4FA31C6ECB6800719087;
					};
					ACCE4FC71C6ECB6800719087 = {
						CreatedOnToolsVersion = 7.2.1;
						TestTargetID = ACCE4FA31C6ECB6800719087;
					};
				};
			};
			buildConfigurationList = ACCE4F9F1C6ECB6800719087 /* Build configuration list for PBXProject "goodMorningCurtainApp" */;
			compatibilityVersion = "Xcode 3.2";
			developmentRegion = English;
			hasScannedForEncodings = 0;
			knownRegions = (
				en,
				Base,
			);
			mainGroup = ACCE4F9B1C6ECB6700719087;
			productRefGroup = ACCE4FA51C6ECB6800719087 /* Products */;
			projectDirPath = "";
			projectRoot = "";
			targets = (
				ACCE4FA31C6ECB6800719087 /* goodMorningCurtainApp */,
				ACCE4FBC1C6ECB6800719087 /* goodMorningCurtainAppTests */,
				ACCE4FC71C6ECB6800719087 /* goodMorningCurtainAppUITests */,
			);
		};
/* End PBXProject section */

/* Begin PBXResourcesBuildPhase section */
		ACCE4FA21C6ECB6800719087 /* Resources */ = {
			isa = PBXResourcesBuildPhase;
			buildActionMask = 2147483647;
			files = (
				ACCE4FB71C6ECB6800719087 /* LaunchScreen.storyboard in Resources */,
				AC3CBB301CA66BD00020E952 /* Default-568h@2x.png in Resources */,
				ACCE4FB41C6ECB6800719087 /* Assets.xcassets in Resources */,
				ACCE4FB21C6ECB6800719087 /* Main.storyboard in Resources */,
			);
			runOnlyForDeploymentPostprocessing = 0;
		};
		ACCE4FBB1C6ECB6800719087 /* Resources */ = {
			isa = PBXResourcesBuildPhase;
			buildActionMask = 2147483647;
			files = (
			);
			runOnlyForDeploymentPostprocessing = 0;
		};
		ACCE4FC61C6ECB6800719087 /* Resources */ = {
			isa = PBXResourcesBuildPhase;
			buildActionMask = 2147483647;
			files = (
			);
			runOnlyForDeploymentPostprocessing = 0;
		};
/* End PBXResourcesBuildPhase section */

/* Begin PBXSourcesBuildPhase section */
		ACCE4FA01C6ECB6800719087 /* Sources */ = {
			isa = PBXSourcesBuildPhase;
			buildActionMask = 2147483647;
			files = (
				ACCE4FAF1C6ECB6800719087 /* ViewController.m in Sources */,
				ACCE4FAC1C6ECB6800719087 /* AppDelegate.m in Sources */,
				ACCE4FE11C6F198500719087 /* WetherAPI.m in Sources */,
				ACCE4FDC1C6ECD7800719087 /* BluetoothConnection.m in Sources */,
				ACCE4FA91C6ECB6800719087 /* main.m in Sources */,
			);
			runOnlyForDeploymentPostprocessing = 0;
		};
		ACCE4FB91C6ECB6800719087 /* Sources */ = {
			isa = PBXSourcesBuildPhase;
			buildActionMask = 2147483647;
			files = (
				ACCE4FC21C6ECB6800719087 /* goodMorningCurtainAppTests.m in Sources */,
			);
			runOnlyForDeploymentPostprocessing = 0;
		};
		ACCE4FC41C6ECB6800719087 /* Sources */ = {
			isa = PBXSourcesBuildPhase;
			buildActionMask = 2147483647;
			files = (
				ACCE4FCD1C6ECB6800719087 /* goodMorningCurtainAppUITests.m in Sources */,
			);
			runOnlyForDeploymentPostprocessing = 0;
		};
/* End PBXSourcesBuildPhase section */

/* Begin PBXTargetDependency section */
		ACCE4FBF1C6ECB6800719087 /* PBXTargetDependency */ = {
			isa = PBXTargetDependency;
			target = ACCE4FA31C6ECB6800719087 /* goodMorningCurtainApp */;
			targetProxy = ACCE4FBE1C6ECB6800719087 /* PBXContainerItemProxy */;
		};
		ACCE4FCA1C6ECB6800719087 /* PBXTargetDependency */ = {
			isa = PBXTargetDependency;
			target = ACCE4FA31C6ECB6800719087 /* goodMorningCurtainApp */;
			targetProxy = ACCE4FC91C6ECB6800719087 /* PBXContainerItemProxy */;
		};
/* End PBXTargetDependency section */

/* Begin PBXVariantGroup section */
		ACCE4FB01C6ECB6800719087 /* Main.storyboard */ = {
			isa = PBXVariantGroup;
			children = (
				ACCE4FB11C6ECB6800719087 /* Base */,
			);
			name = Main.storyboard;
			sourceTree = "<group>";
		};
		ACCE4FB51C6ECB6800719087 /* LaunchScreen.storyboard */ = {
			isa = PBXVariantGroup;
			children = (
				ACCE4FB61C6ECB6800719087 /* Base */,
			);
			name = LaunchScreen.storyboard;
			sourceTree = "<group>";
		};
/* End PBXVariantGroup section */

/* Begin XCBuildConfiguration section */
		ACCE4FCF1C6ECB6800719087 /* Debug */ = {
			isa = XCBuildConfiguration;
			buildSettings = {
				ALWAYS_SEARCH_USER_PATHS = NO;
				CLANG_CXX_LANGUAGE_STANDARD = "gnu++0x";
				CLANG_CXX_LIBRARY = "libc++";
				CLANG_ENABLE_MODULES = YES;
				CLANG_ENABLE_OBJC_ARC = YES;
				CLANG_WARN_BOOL_CONVERSION = YES;
				CLANG_WARN_CONSTANT_CONVERSION = YES;
				CLANG_WARN_DIRECT_OBJC_ISA_USAGE = YES_ERROR;
				CLANG_WARN_EMPTY_BODY = YES;
				CLANG_WARN_ENUM_CONVERSION = YES;
				CLANG_WARN_INT_CONVERSION = YES;
				CLANG_WARN_OBJC_ROOT_CLASS = YES_ERROR;
				CLANG_WARN_UNREACHABLE_CODE = YES;
				CLANG_WARN__DUPLICATE_METHOD_MATCH = YES;
				"CODE_SIGN_IDENTITY[sdk=iphoneos*]" = "iPhone Developer";
				COPY_PHASE_STRIP = NO;
				DEBUG_INFORMATION_FORMAT = dwarf;
				ENABLE_STRICT_OBJC_MSGSEND = YES;
				ENABLE_TESTABILITY = YES;
				GCC_C_LANGUAGE_STANDARD = gnu99;
				GCC_DYNAMIC_NO_PIC = NO;
				GCC_NO_COMMON_BLOCKS = YES;
				GCC_OPTIMIZATION_LEVEL = 0;
				GCC_PREPROCESSOR_DEFINITIONS = (
					"DEBUG=1",
					"$(inherited)",
				);
				GCC_WARN_64_TO_32_BIT_CONVERSION = YES;
				GCC_WARN_ABOUT_RETURN_TYPE = YES_ERROR;
				GCC_WARN_UNDECLARED_SELECTOR = YES;
				GCC_WARN_UNINITIALIZED_AUTOS = YES_AGGRESSIVE;
				GCC_WARN_UNUSED_FUNCTION = YES;
				GCC_WARN_UNUSED_VARIABLE = YES;
				IPHONEOS_DEPLOYMENT_TARGET = 9.2;
				MTL_ENABLE_DEBUG_INFO = YES;
				ONLY_ACTIVE_ARCH = YES;
				SDKROOT = iphoneos;
			};
			name = Debug;
		};
		ACCE4FD01C6ECB6800719087 /* Release */ = {
			isa = XCBuildConfiguration;
			buildSettings = {
				ALWAYS_SEARCH_USER_PATHS = NO;
				CLANG_CXX_LANGUAGE_STANDARD = "gnu++0x";
				CLANG_CXX_LIBRARY = "libc++";
				CLANG_ENABLE_MODULES = YES;
				CLANG_ENABLE_OBJC_ARC = YES;
				CLANG_WARN_BOOL_CONVERSION = YES;
				CLANG_WARN_CONSTANT_CONVERSION = YES;
				CLANG_WARN_DIRECT_OBJC_ISA_USAGE = YES_ERROR;
				CLANG_WARN_EMPTY_BODY = YES;
				CLANG_WARN_ENUM_CONVERSION = YES;
				CLANG_WARN_INT_CONVERSION = YES;
				CLANG_WARN_OBJC_ROOT_CLASS = YES_ERROR;
				CLANG_WARN_UNREACHABLE_CODE = YES;
				CLANG_WARN__DUPLICATE_METHOD_MATCH = YES;
				"CODE_SIGN_IDENTITY[sdk=iphoneos*]" = "iPhone Developer";
				COPY_PHASE_STRIP = NO;
				DEBUG_INFORMATION_FORMAT = "dwarf-with-dsym";
				ENABLE_NS_ASSERTIONS = NO;
				ENABLE_STRICT_OBJC_MSGSEND = YES;
				GCC_C_LANGUAGE_STANDARD = gnu99;
				GCC_NO_COMMON_BLOCKS = YES;
				GCC_WARN_64_TO_32_BIT_CONVERSION = YES;
				GCC_WARN_ABOUT_RETURN_TYPE = YES_ERROR;
				GCC_WARN_UNDECLARED_SELECTOR = YES;
				GCC_WARN_UNINITIALIZED_AUTOS = YES_AGGRESSIVE;
				GCC_WARN_UNUSED_FUNCTION = YES;
				GCC_WARN_UNUSED_VARIABLE = YES;
				IPHONEOS_DEPLOYMENT_TARGET = 9.2;
				MTL_ENABLE_DEBUG_INFO = NO;
				SDKROOT = iphoneos;
				VALIDATE_PRODUCT = YES;
			};
			name = Release;
		};
		ACCE4FD21C6ECB6800719087 /* Debug */ = {
			isa = XCBuildConfiguration;
			buildSettings = {
				ASSETCATALOG_COMPILER_APPICON_NAME = AppIcon;
				INFOPLIST_FILE = "$(SRCROOT)/goodMorningCurtainApp/Info.plist";
				LD_RUNPATH_SEARCH_PATHS = "$(inherited) @executable_path/Frameworks";
				PRODUCT_BUNDLE_IDENTIFIER = edu.self.curtainWhetherApp;
				PRODUCT_NAME = goodMorningCurtainApp;
			};
			name = Debug;
		};
		ACCE4FD31C6ECB6800719087 /* Release */ = {
			isa = XCBuildConfiguration;
			buildSettings = {
				ASSETCATALOG_COMPILER_APPICON_NAME = AppIcon;
				INFOPLIST_FILE = "$(SRCROOT)/goodMorningCurtainApp/Info.plist";
				LD_RUNPATH_SEARCH_PATHS = "$(inherited) @executable_path/Frameworks";
				PRODUCT_BUNDLE_IDENTIFIER = edu.self.curtainWhetherApp;
				PRODUCT_NAME = goodMorningCurtainApp;
			};
			name = Release;
		};
		ACCE4FD51C6ECB6800719087 /* Debug */ = {
			isa = XCBuildConfiguration;
			buildSettings = {
				BUNDLE_LOADER = "$(TEST_HOST)";
				INFOPLIST_FILE = curtainWhetherAppTests/Info.plist;
				LD_RUNPATH_SEARCH_PATHS = "$(inherited) @executable_path/Frameworks @loader_path/Frameworks";
				PRODUCT_BUNDLE_IDENTIFIER = edu.self.curtainWhetherAppTests;
				PRODUCT_NAME = goodMorningCurtainApp;
				TEST_HOST = "$(BUILT_PRODUCTS_DIR)/goodMorningCurtainApp.app/goodMorningCurtainApp";
			};
			name = Debug;
		};
		ACCE4FD61C6ECB6800719087 /* Release */ = {
			isa = XCBuildConfiguration;
			buildSettings = {
				BUNDLE_LOADER = "$(TEST_HOST)";
				INFOPLIST_FILE = curtainWhetherAppTests/Info.plist;
				LD_RUNPATH_SEARCH_PATHS = "$(inherited) @executable_path/Frameworks @loader_path/Frameworks";
				PRODUCT_BUNDLE_IDENTIFIER = edu.self.curtainWhetherAppTests;
				PRODUCT_NAME = goodMorningCurtainApp;
				TEST_HOST = "$(BUILT_PRODUCTS_DIR)/goodMorningCurtainApp.app/goodMorningCurtainApp";
			};
			name = Release;
		};
		ACCE4FD81C6ECB6800719087 /* Debug */ = {
			isa = XCBuildConfiguration;
			buildSettings = {
				INFOPLIST_FILE = curtainWhetherAppUITests/Info.plist;
				LD_RUNPATH_SEARCH_PATHS = "$(inherited) @executable_path/Frameworks @loader_path/Frameworks";
				PRODUCT_BUNDLE_IDENTIFIER = edu.self.curtainWhetherAppUITests;
				PRODUCT_NAME = goodMorningCurtainApp;
				TEST_TARGET_NAME = curtainWhetherApp;
				USES_XCTRUNNER = YES;
			};
			name = Debug;
		};
		ACCE4FD91C6ECB6800719087 /* Release */ = {
			isa = XCBuildConfiguration;
			buildSettings = {
				INFOPLIST_FILE = curtainWhetherAppUITests/Info.plist;
				LD_RUNPATH_SEARCH_PATHS = "$(inherited) @executable_path/Frameworks @loader_path/Frameworks";
				PRODUCT_BUNDLE_IDENTIFIER = edu.self.curtainWhetherAppUITests;
				PRODUCT_NAME = goodMorningCurtainApp;
				TEST_TARGET_NAME = curtainWhetherApp;
				USES_XCTRUNNER = YES;
			};
			name = Release;
		};
/* End XCBuildConfiguration section */

/* Begin XCConfigurationList section */
		ACCE4F9F1C6ECB6800719087 /* Build configuration list for PBXProject "goodMorningCurtainApp" */ = {
			isa = XCConfigurationList;
			buildConfigurations = (
				ACCE4FCF1C6ECB6800719087 /* Debug */,
				ACCE4FD01C6ECB6800719087 /* Release */,
			);
			defaultConfigurationIsVisible = 0;
			defaultConfigurationName = Release;
		};
		ACCE4FD11C6ECB6800719087 /* Build configuration list for PBXNativeTarget "goodMorningCurtainApp" */ = {
			isa = XCConfigurationList;
			buildConfigurations = (
				ACCE4FD21C6ECB6800719087 /* Debug */,
				ACCE4FD31C6ECB6800719087 /* Release */,
			);
			defaultConfigurationIsVisible = 0;
			defaultConfigurationName = Release;
		};
		ACCE4FD41C6ECB6800719087 /* Build configuration list for PBXNativeTarget "goodMorningCurtainAppTests" */ = {
			isa = XCConfigurationList;
			buildConfigurations = (
				ACCE4FD51C6ECB6800719087 /* Debug */,
				ACCE4FD61C6ECB6800719087 /* Release */,
			);
			defaultConfigurationIsVisible = 0;
			defaultConfigurationName = Release;
		};
		ACCE4FD71C6ECB6800719087 /* Build configuration list for PBXNativeTarget "goodMorningCurtainAppUITests" */ = {
			isa = XCConfigurationList;
			buildConfigurations = (
				ACCE4FD81C6ECB6800719087 /* Debug */,
				ACCE4FD91C6ECB6800719087 /* Release */,
			);
			defaultConfigurationIsVisible = 0;
			defaultConfigurationName = Release;
		};
/* End XCConfigurationList section */
	};
	rootObject = ACCE4F9C1C6ECB6700719087 /* Project object */;
}
